
Microsoft Visual Studio Solution File, Format Version 12.00
Project("{FAE04EC0-301F-11D3-BF4B-00C04F79EFBC}") = "Lexer", "Lexer\Lexer.csproj", "{7B5EED51-8371-4A90-9B8E-0D1A01EB8461}"
EndProject
Project("{FAE04EC0-301F-11D3-BF4B-00C04F79EFBC}") = "LexerTest", "LexerTest\LexerTest.csproj", "{0AFD9ECD-60C5-4303-8C5D-8D9EACD4FED4}"
EndProject
Project("{FAE04EC0-301F-11D3-BF4B-00C04F79EFBC}") = "DebugRun", "DebugRun\DebugRun.csproj", "{F80B3489-7F10-40E3-89CC-439E64F16990}"
EndProject
Project("{FAE04EC0-301F-11D3-BF4B-00C04F79EFBC}") = "SyntaxAnalyzer", "SyntaxAnalyzer\SyntaxAnalyzer.csproj", "{529EBE31-8712-4F01-99A7-5866CC1090F6}"
EndProject
Project("{FAE04EC0-301F-11D3-BF4B-00C04F79EFBC}") = "SyntaxTest", "SyntaxTest\SyntaxTest.csproj", "{05ED55B5-B910-4642-BE06-9C2A31D074C6}"
EndProject
Global
	GlobalSection(SolutionConfigurationPlatforms) = preSolution
		Debug|Any CPU = Debug|Any CPU
		Release|Any CPU = Release|Any CPU
	EndGlobalSection
	GlobalSection(ProjectConfigurationPlatforms) = postSolution
		{7B5EED51-8371-4A90-9B8E-0D1A01EB8461}.Debug|Any CPU.ActiveCfg = Debug|Any CPU
		{7B5EED51-8371-4A90-9B8E-0D1A01EB8461}.Debug|Any CPU.Build.0 = Debug|Any CPU
		{7B5EED51-8371-4A90-9B8E-0D1A01EB8461}.Release|Any CPU.ActiveCfg = Release|Any CPU
		{7B5EED51-8371-4A90-9B8E-0D1A01EB8461}.Release|Any CPU.Build.0 = Release|Any CPU
		{0AFD9ECD-60C5-4303-8C5D-8D9EACD4FED4}.Debug|Any CPU.ActiveCfg = Debug|Any CPU
		{0AFD9ECD-60C5-4303-8C5D-8D9EACD4FED4}.Debug|Any CPU.Build.0 = Debug|Any CPU
		{0AFD9ECD-60C5-4303-8C5D-8D9EACD4FED4}.Release|Any CPU.ActiveCfg = Release|Any CPU
		{0AFD9ECD-60C5-4303-8C5D-8D9EACD4FED4}.Release|Any CPU.Build.0 = Release|Any CPU
		{F80B3489-7F10-40E3-89CC-439E64F16990}.Debug|Any CPU.ActiveCfg = Debug|Any CPU
		{F80B3489-7F10-40E3-89CC-439E64F16990}.Debug|Any CPU.Build.0 = Debug|Any CPU
		{F80B3489-7F10-40E3-89CC-439E64F16990}.Release|Any CPU.ActiveCfg = Release|Any CPU
		{F80B3489-7F10-40E3-89CC-439E64F16990}.Release|Any CPU.Build.0 = Release|Any CPU
		{529EBE31-8712-4F01-99A7-5866CC1090F6}.Debug|Any CPU.ActiveCfg = Debug|Any CPU
		{529EBE31-8712-4F01-99A7-5866CC1090F6}.Debug|Any CPU.Build.0 = Debug|Any CPU
		{529EBE31-8712-4F01-99A7-5866CC1090F6}.Release|Any CPU.ActiveCfg = Release|Any CPU
		{529EBE31-8712-4F01-99A7-5866CC1090F6}.Release|Any CPU.Build.0 = Release|Any CPU
		{05ED55B5-B910-4642-BE06-9C2A31D074C6}.Debug|Any CPU.ActiveCfg = Debug|Any CPU
		{05ED55B5-B910-4642-BE06-9C2A31D074C6}.Debug|Any CPU.Build.0 = Debug|Any CPU
		{05ED55B5-B910-4642-BE06-9C2A31D074C6}.Release|Any CPU.ActiveCfg = Release|Any CPU
		{05ED55B5-B910-4642-BE06-9C2A31D074C6}.Release|Any CPU.Build.0 = Release|Any CPU
	EndGlobalSection
EndGlobal
